// !$*UTF8*$!
{
	archiveVersion = 1;
	classes = {
	};
	objectVersion = 46;
	objects = {

/* Begin PBXBuildFile section */
		5253DC1114E471DB00257453 /* MapKit.framework in Frameworks */ = {isa = PBXBuildFile; fileRef = 5253DC1014E471DB00257453 /* MapKit.framework */; };
		52D2B34014E4527A00855A1F /* MapViewController.m in Sources */ = {isa = PBXBuildFile; fileRef = 52D2B33F14E4527A00855A1F /* MapViewController.m */; };
		80A7822614E451B50008E31D /* HKCompassGeekView.m in Sources */ = {isa = PBXBuildFile; fileRef = 80A7822514E451B50008E31D /* HKCompassGeekView.m */; };
		80A7823114E455B10008E31D /* GeoCoordinate.m in Sources */ = {isa = PBXBuildFile; fileRef = 80A7823014E455B10008E31D /* GeoCoordinate.m */; };
		80A7823514E4560E0008E31D /* HKCompassViewController.m in Sources */ = {isa = PBXBuildFile; fileRef = 80A7823414E4560E0008E31D /* HKCompassViewController.m */; };
		95A6B88814E48A3F00752178 /* spiral.png in Resources */ = {isa = PBXBuildFile; fileRef = 95A6B88714E48A3F00752178 /* spiral.png */; };
		95A6B88A14E4914100752178 /* QuartzCore.framework in Frameworks */ = {isa = PBXBuildFile; fileRef = 95A6B88914E4914000752178 /* QuartzCore.framework */; };
		A20B50F514E45810009C0BB0 /* HKDetectorClient.m in Sources */ = {isa = PBXBuildFile; fileRef = A20B50F414E45810009C0BB0 /* HKDetectorClient.m */; };
		A278841814E4480400D0476B /* UIKit.framework in Frameworks */ = {isa = PBXBuildFile; fileRef = A278841714E4480400D0476B /* UIKit.framework */; };
		A278841A14E4480400D0476B /* Foundation.framework in Frameworks */ = {isa = PBXBuildFile; fileRef = A278841914E4480400D0476B /* Foundation.framework */; };
		A278841C14E4480400D0476B /* CoreGraphics.framework in Frameworks */ = {isa = PBXBuildFile; fileRef = A278841B14E4480400D0476B /* CoreGraphics.framework */; };
		A278842214E4480400D0476B /* InfoPlist.strings in Resources */ = {isa = PBXBuildFile; fileRef = A278842014E4480400D0476B /* InfoPlist.strings */; };
		A278842414E4480400D0476B /* main.m in Sources */ = {isa = PBXBuildFile; fileRef = A278842314E4480400D0476B /* main.m */; };
		A278842814E4480400D0476B /* HKAppDelegate.m in Sources */ = {isa = PBXBuildFile; fileRef = A278842714E4480400D0476B /* HKAppDelegate.m */; };
		A278843114E449E700D0476B /* HKGeek.m in Sources */ = {isa = PBXBuildFile; fileRef = A278843014E449E700D0476B /* HKGeek.m */; };
		A278843414E44A6400D0476B /* HKCheckIn.m in Sources */ = {isa = PBXBuildFile; fileRef = A278843314E44A6400D0476B /* HKCheckIn.m */; };
		A278843614E44A7800D0476B /* CoreLocation.framework in Frameworks */ = {isa = PBXBuildFile; fileRef = A278843514E44A7800D0476B /* CoreLocation.framework */; };
		A278844C14E44CC200D0476B /* AFHTTPClient.m in Sources */ = {isa = PBXBuildFile; fileRef = A278843A14E44CC200D0476B /* AFHTTPClient.m */; settings = {COMPILER_FLAGS = "-fno-objc-arc"; }; };
		A278844D14E44CC200D0476B /* AFHTTPRequestOperation.m in Sources */ = {isa = PBXBuildFile; fileRef = A278843C14E44CC200D0476B /* AFHTTPRequestOperation.m */; settings = {COMPILER_FLAGS = "-fno-objc-arc"; }; };
		A278844E14E44CC200D0476B /* AFImageRequestOperation.m in Sources */ = {isa = PBXBuildFile; fileRef = A278843E14E44CC200D0476B /* AFImageRequestOperation.m */; settings = {COMPILER_FLAGS = "-fno-objc-arc"; }; };
		A278844F14E44CC200D0476B /* AFJSONRequestOperation.m in Sources */ = {isa = PBXBuildFile; fileRef = A278844014E44CC200D0476B /* AFJSONRequestOperation.m */; settings = {COMPILER_FLAGS = "-fno-objc-arc"; }; };
		A278845014E44CC200D0476B /* AFJSONUtilities.m in Sources */ = {isa = PBXBuildFile; fileRef = A278844214E44CC200D0476B /* AFJSONUtilities.m */; settings = {COMPILER_FLAGS = "-fno-objc-arc"; }; };
		A278845114E44CC200D0476B /* AFNetworkActivityIndicatorManager.m in Sources */ = {isa = PBXBuildFile; fileRef = A278844414E44CC200D0476B /* AFNetworkActivityIndicatorManager.m */; settings = {COMPILER_FLAGS = "-fno-objc-arc"; }; };
		A278845214E44CC200D0476B /* AFPropertyListRequestOperation.m in Sources */ = {isa = PBXBuildFile; fileRef = A278844714E44CC200D0476B /* AFPropertyListRequestOperation.m */; settings = {COMPILER_FLAGS = "-fno-objc-arc"; }; };
		A278845314E44CC200D0476B /* AFURLConnectionOperation.m in Sources */ = {isa = PBXBuildFile; fileRef = A278844914E44CC200D0476B /* AFURLConnectionOperation.m */; settings = {COMPILER_FLAGS = "-fno-objc-arc"; }; };
		A278845414E44CC200D0476B /* AFXMLRequestOperation.m in Sources */ = {isa = PBXBuildFile; fileRef = A278844B14E44CC200D0476B /* AFXMLRequestOperation.m */; settings = {COMPILER_FLAGS = "-fno-objc-arc"; }; };
		A278845914E44D4000D0476B /* JSONKit.m in Sources */ = {isa = PBXBuildFile; fileRef = A278845814E44D4000D0476B /* JSONKit.m */; settings = {COMPILER_FLAGS = "-fno-objc-arc"; }; };
		A278845E14E44DEC00D0476B /* HKLoginViewController.m in Sources */ = {isa = PBXBuildFile; fileRef = A278845D14E44DEC00D0476B /* HKLoginViewController.m */; };
		A278846014E44E1700D0476B /* HKLoginView.xib in Resources */ = {isa = PBXBuildFile; fileRef = A278845F14E44E1700D0476B /* HKLoginView.xib */; };
		A278846314E451AC00D0476B /* octocat.png in Resources */ = {isa = PBXBuildFile; fileRef = A278846214E451AC00D0476B /* octocat.png */; };
/* End PBXBuildFile section */

/* Begin PBXFileReference section */
		5253DC1014E471DB00257453 /* MapKit.framework */ = {isa = PBXFileReference; lastKnownFileType = wrapper.framework; name = MapKit.framework; path = System/Library/Frameworks/MapKit.framework; sourceTree = SDKROOT; };
		52D2B33E14E4527A00855A1F /* MapViewController.h */ = {isa = PBXFileReference; fileEncoding = 4; lastKnownFileType = sourcecode.c.h; path = MapViewController.h; sourceTree = "<group>"; };
		52D2B33F14E4527A00855A1F /* MapViewController.m */ = {isa = PBXFileReference; fileEncoding = 4; lastKnownFileType = sourcecode.c.objc; path = MapViewController.m; sourceTree = "<group>"; };
		80A7822414E451B40008E31D /* HKCompassGeekView.h */ = {isa = PBXFileReference; fileEncoding = 4; lastKnownFileType = sourcecode.c.h; path = HKCompassGeekView.h; sourceTree = "<group>"; };
		80A7822514E451B50008E31D /* HKCompassGeekView.m */ = {isa = PBXFileReference; fileEncoding = 4; lastKnownFileType = sourcecode.c.objc; path = HKCompassGeekView.m; sourceTree = "<group>"; };
		80A7822F14E455B10008E31D /* GeoCoordinate.h */ = {isa = PBXFileReference; fileEncoding = 4; lastKnownFileType = sourcecode.c.h; path = GeoCoordinate.h; sourceTree = "<group>"; };
		80A7823014E455B10008E31D /* GeoCoordinate.m */ = {isa = PBXFileReference; fileEncoding = 4; lastKnownFileType = sourcecode.c.objc; path = GeoCoordinate.m; sourceTree = "<group>"; };
		80A7823314E4560E0008E31D /* HKCompassViewController.h */ = {isa = PBXFileReference; fileEncoding = 4; lastKnownFileType = sourcecode.c.h; name = HKCompassViewController.h; path = Controllers/HKCompassViewController.h; sourceTree = "<group>"; };
		80A7823414E4560E0008E31D /* HKCompassViewController.m */ = {isa = PBXFileReference; fileEncoding = 4; lastKnownFileType = sourcecode.c.objc; name = HKCompassViewController.m; path = Controllers/HKCompassViewController.m; sourceTree = "<group>"; };
		95A6B88714E48A3F00752178 /* spiral.png */ = {isa = PBXFileReference; lastKnownFileType = image.png; path = spiral.png; sourceTree = "<group>"; };
		95A6B88914E4914000752178 /* QuartzCore.framework */ = {isa = PBXFileReference; lastKnownFileType = wrapper.framework; name = QuartzCore.framework; path = System/Library/Frameworks/QuartzCore.framework; sourceTree = SDKROOT; };
		A20B50F314E45810009C0BB0 /* HKDetectorClient.h */ = {isa = PBXFileReference; fileEncoding = 4; lastKnownFileType = sourcecode.c.h; name = HKDetectorClient.h; path = Models/HKDetectorClient.h; sourceTree = "<group>"; };
		A20B50F414E45810009C0BB0 /* HKDetectorClient.m */ = {isa = PBXFileReference; fileEncoding = 4; lastKnownFileType = sourcecode.c.objc; name = HKDetectorClient.m; path = Models/HKDetectorClient.m; sourceTree = "<group>"; };
		A278841314E4480400D0476B /* GitHubDetector.app */ = {isa = PBXFileReference; explicitFileType = wrapper.application; includeInIndex = 0; path = GitHubDetector.app; sourceTree = BUILT_PRODUCTS_DIR; };
		A278841714E4480400D0476B /* UIKit.framework */ = {isa = PBXFileReference; lastKnownFileType = wrapper.framework; name = UIKit.framework; path = System/Library/Frameworks/UIKit.framework; sourceTree = SDKROOT; };
		A278841914E4480400D0476B /* Foundation.framework */ = {isa = PBXFileReference; lastKnownFileType = wrapper.framework; name = Foundation.framework; path = System/Library/Frameworks/Foundation.framework; sourceTree = SDKROOT; };
		A278841B14E4480400D0476B /* CoreGraphics.framework */ = {isa = PBXFileReference; lastKnownFileType = wrapper.framework; name = CoreGraphics.framework; path = System/Library/Frameworks/CoreGraphics.framework; sourceTree = SDKROOT; };
		A278841F14E4480400D0476B /* GitHubDetector-Info.plist */ = {isa = PBXFileReference; lastKnownFileType = text.plist.xml; path = "GitHubDetector-Info.plist"; sourceTree = "<group>"; };
		A278842114E4480400D0476B /* en */ = {isa = PBXFileReference; lastKnownFileType = text.plist.strings; name = en; path = en.lproj/InfoPlist.strings; sourceTree = "<group>"; };
		A278842314E4480400D0476B /* main.m */ = {isa = PBXFileReference; lastKnownFileType = sourcecode.c.objc; path = main.m; sourceTree = "<group>"; };
		A278842514E4480400D0476B /* GitHubDetector-Prefix.pch */ = {isa = PBXFileReference; lastKnownFileType = sourcecode.c.h; path = "GitHubDetector-Prefix.pch"; sourceTree = "<group>"; };
		A278842614E4480400D0476B /* HKAppDelegate.h */ = {isa = PBXFileReference; lastKnownFileType = sourcecode.c.h; path = HKAppDelegate.h; sourceTree = "<group>"; };
		A278842714E4480400D0476B /* HKAppDelegate.m */ = {isa = PBXFileReference; lastKnownFileType = sourcecode.c.objc; path = HKAppDelegate.m; sourceTree = "<group>"; };
		A278842F14E449E700D0476B /* HKGeek.h */ = {isa = PBXFileReference; fileEncoding = 4; lastKnownFileType = sourcecode.c.h; name = HKGeek.h; path = Models/HKGeek.h; sourceTree = "<group>"; };
		A278843014E449E700D0476B /* HKGeek.m */ = {isa = PBXFileReference; fileEncoding = 4; lastKnownFileType = sourcecode.c.objc; name = HKGeek.m; path = Models/HKGeek.m; sourceTree = "<group>"; };
		A278843214E44A6400D0476B /* HKCheckIn.h */ = {isa = PBXFileReference; fileEncoding = 4; lastKnownFileType = sourcecode.c.h; name = HKCheckIn.h; path = Models/HKCheckIn.h; sourceTree = "<group>"; };
		A278843314E44A6400D0476B /* HKCheckIn.m */ = {isa = PBXFileReference; fileEncoding = 4; lastKnownFileType = sourcecode.c.objc; name = HKCheckIn.m; path = Models/HKCheckIn.m; sourceTree = "<group>"; };
		A278843514E44A7800D0476B /* CoreLocation.framework */ = {isa = PBXFileReference; lastKnownFileType = wrapper.framework; name = CoreLocation.framework; path = System/Library/Frameworks/CoreLocation.framework; sourceTree = SDKROOT; };
		A278843914E44CC200D0476B /* AFHTTPClient.h */ = {isa = PBXFileReference; fileEncoding = 4; lastKnownFileType = sourcecode.c.h; name = AFHTTPClient.h; path = extern/AFNetworking.git/AFNetworking/AFHTTPClient.h; sourceTree = SOURCE_ROOT; };
		A278843A14E44CC200D0476B /* AFHTTPClient.m */ = {isa = PBXFileReference; fileEncoding = 4; lastKnownFileType = sourcecode.c.objc; name = AFHTTPClient.m; path = extern/AFNetworking.git/AFNetworking/AFHTTPClient.m; sourceTree = SOURCE_ROOT; };
		A278843B14E44CC200D0476B /* AFHTTPRequestOperation.h */ = {isa = PBXFileReference; fileEncoding = 4; lastKnownFileType = sourcecode.c.h; name = AFHTTPRequestOperation.h; path = extern/AFNetworking.git/AFNetworking/AFHTTPRequestOperation.h; sourceTree = SOURCE_ROOT; };
		A278843C14E44CC200D0476B /* AFHTTPRequestOperation.m */ = {isa = PBXFileReference; fileEncoding = 4; lastKnownFileType = sourcecode.c.objc; name = AFHTTPRequestOperation.m; path = extern/AFNetworking.git/AFNetworking/AFHTTPRequestOperation.m; sourceTree = SOURCE_ROOT; };
		A278843D14E44CC200D0476B /* AFImageRequestOperation.h */ = {isa = PBXFileReference; fileEncoding = 4; lastKnownFileType = sourcecode.c.h; name = AFImageRequestOperation.h; path = extern/AFNetworking.git/AFNetworking/AFImageRequestOperation.h; sourceTree = SOURCE_ROOT; };
		A278843E14E44CC200D0476B /* AFImageRequestOperation.m */ = {isa = PBXFileReference; fileEncoding = 4; lastKnownFileType = sourcecode.c.objc; name = AFImageRequestOperation.m; path = extern/AFNetworking.git/AFNetworking/AFImageRequestOperation.m; sourceTree = SOURCE_ROOT; };
		A278843F14E44CC200D0476B /* AFJSONRequestOperation.h */ = {isa = PBXFileReference; fileEncoding = 4; lastKnownFileType = sourcecode.c.h; name = AFJSONRequestOperation.h; path = extern/AFNetworking.git/AFNetworking/AFJSONRequestOperation.h; sourceTree = SOURCE_ROOT; };
		A278844014E44CC200D0476B /* AFJSONRequestOperation.m */ = {isa = PBXFileReference; fileEncoding = 4; lastKnownFileType = sourcecode.c.objc; name = AFJSONRequestOperation.m; path = extern/AFNetworking.git/AFNetworking/AFJSONRequestOperation.m; sourceTree = SOURCE_ROOT; };
		A278844114E44CC200D0476B /* AFJSONUtilities.h */ = {isa = PBXFileReference; fileEncoding = 4; lastKnownFileType = sourcecode.c.h; name = AFJSONUtilities.h; path = extern/AFNetworking.git/AFNetworking/AFJSONUtilities.h; sourceTree = SOURCE_ROOT; };
		A278844214E44CC200D0476B /* AFJSONUtilities.m */ = {isa = PBXFileReference; fileEncoding = 4; lastKnownFileType = sourcecode.c.objc; name = AFJSONUtilities.m; path = extern/AFNetworking.git/AFNetworking/AFJSONUtilities.m; sourceTree = SOURCE_ROOT; };
		A278844314E44CC200D0476B /* AFNetworkActivityIndicatorManager.h */ = {isa = PBXFileReference; fileEncoding = 4; lastKnownFileType = sourcecode.c.h; name = AFNetworkActivityIndicatorManager.h; path = extern/AFNetworking.git/AFNetworking/AFNetworkActivityIndicatorManager.h; sourceTree = SOURCE_ROOT; };
		A278844414E44CC200D0476B /* AFNetworkActivityIndicatorManager.m */ = {isa = PBXFileReference; fileEncoding = 4; lastKnownFileType = sourcecode.c.objc; name = AFNetworkActivityIndicatorManager.m; path = extern/AFNetworking.git/AFNetworking/AFNetworkActivityIndicatorManager.m; sourceTree = SOURCE_ROOT; };
		A278844514E44CC200D0476B /* AFNetworking.h */ = {isa = PBXFileReference; fileEncoding = 4; lastKnownFileType = sourcecode.c.h; name = AFNetworking.h; path = extern/AFNetworking.git/AFNetworking/AFNetworking.h; sourceTree = SOURCE_ROOT; };
		A278844614E44CC200D0476B /* AFPropertyListRequestOperation.h */ = {isa = PBXFileReference; fileEncoding = 4; lastKnownFileType = sourcecode.c.h; name = AFPropertyListRequestOperation.h; path = extern/AFNetworking.git/AFNetworking/AFPropertyListRequestOperation.h; sourceTree = SOURCE_ROOT; };
		A278844714E44CC200D0476B /* AFPropertyListRequestOperation.m */ = {isa = PBXFileReference; fileEncoding = 4; lastKnownFileType = sourcecode.c.objc; name = AFPropertyListRequestOperation.m; path = extern/AFNetworking.git/AFNetworking/AFPropertyListRequestOperation.m; sourceTree = SOURCE_ROOT; };
		A278844814E44CC200D0476B /* AFURLConnectionOperation.h */ = {isa = PBXFileReference; fileEncoding = 4; lastKnownFileType = sourcecode.c.h; name = AFURLConnectionOperation.h; path = extern/AFNetworking.git/AFNetworking/AFURLConnectionOperation.h; sourceTree = SOURCE_ROOT; };
		A278844914E44CC200D0476B /* AFURLConnectionOperation.m */ = {isa = PBXFileReference; fileEncoding = 4; lastKnownFileType = sourcecode.c.objc; name = AFURLConnectionOperation.m; path = extern/AFNetworking.git/AFNetworking/AFURLConnectionOperation.m; sourceTree = SOURCE_ROOT; };
		A278844A14E44CC200D0476B /* AFXMLRequestOperation.h */ = {isa = PBXFileReference; fileEncoding = 4; lastKnownFileType = sourcecode.c.h; name = AFXMLRequestOperation.h; path = extern/AFNetworking.git/AFNetworking/AFXMLRequestOperation.h; sourceTree = SOURCE_ROOT; };
		A278844B14E44CC200D0476B /* AFXMLRequestOperation.m */ = {isa = PBXFileReference; fileEncoding = 4; lastKnownFileType = sourcecode.c.objc; name = AFXMLRequestOperation.m; path = extern/AFNetworking.git/AFNetworking/AFXMLRequestOperation.m; sourceTree = SOURCE_ROOT; };
		A278845714E44D4000D0476B /* JSONKit.h */ = {isa = PBXFileReference; fileEncoding = 4; lastKnownFileType = sourcecode.c.h; name = JSONKit.h; path = extern/JSONKit/JSONKit.h; sourceTree = SOURCE_ROOT; };
		A278845814E44D4000D0476B /* JSONKit.m */ = {isa = PBXFileReference; fileEncoding = 4; lastKnownFileType = sourcecode.c.objc; name = JSONKit.m; path = extern/JSONKit/JSONKit.m; sourceTree = SOURCE_ROOT; };
		A278845C14E44DEC00D0476B /* HKLoginViewController.h */ = {isa = PBXFileReference; fileEncoding = 4; lastKnownFileType = sourcecode.c.h; name = HKLoginViewController.h; path = Controllers/HKLoginViewController.h; sourceTree = "<group>"; };
		A278845D14E44DEC00D0476B /* HKLoginViewController.m */ = {isa = PBXFileReference; fileEncoding = 4; lastKnownFileType = sourcecode.c.objc; name = HKLoginViewController.m; path = Controllers/HKLoginViewController.m; sourceTree = "<group>"; };
		A278845F14E44E1700D0476B /* HKLoginView.xib */ = {isa = PBXFileReference; fileEncoding = 4; lastKnownFileType = file.xib; name = HKLoginView.xib; path = Views/HKLoginView.xib; sourceTree = "<group>"; };
		A278846214E451AC00D0476B /* octocat.png */ = {isa = PBXFileReference; lastKnownFileType = image.png; name = octocat.png; path = Images/octocat.png; sourceTree = "<group>"; };
/* End PBXFileReference section */

/* Begin PBXFrameworksBuildPhase section */
		A278841014E4480400D0476B /* Frameworks */ = {
			isa = PBXFrameworksBuildPhase;
			buildActionMask = 2147483647;
			files = (
				95A6B88A14E4914100752178 /* QuartzCore.framework in Frameworks */,
				5253DC1114E471DB00257453 /* MapKit.framework in Frameworks */,
				A278843614E44A7800D0476B /* CoreLocation.framework in Frameworks */,
				A278841814E4480400D0476B /* UIKit.framework in Frameworks */,
				A278841A14E4480400D0476B /* Foundation.framework in Frameworks */,
				A278841C14E4480400D0476B /* CoreGraphics.framework in Frameworks */,
			);
			runOnlyForDeploymentPostprocessing = 0;
		};
/* End PBXFrameworksBuildPhase section */

/* Begin PBXGroup section */
		A278840814E4480400D0476B = {
			isa = PBXGroup;
			children = (
				95A6B88914E4914000752178 /* QuartzCore.framework */,
				A278841D14E4480400D0476B /* GitHubDetector */,
				A278843714E44BC600D0476B /* extern */,
				A278841614E4480400D0476B /* Frameworks */,
				A278841414E4480400D0476B /* Products */,
			);
			sourceTree = "<group>";
		};
		A278841414E4480400D0476B /* Products */ = {
			isa = PBXGroup;
			children = (
				A278841314E4480400D0476B /* GitHubDetector.app */,
			);
			name = Products;
			sourceTree = "<group>";
		};
		A278841614E4480400D0476B /* Frameworks */ = {
			isa = PBXGroup;
			children = (
				5253DC1014E471DB00257453 /* MapKit.framework */,
				A278843514E44A7800D0476B /* CoreLocation.framework */,
				A278841714E4480400D0476B /* UIKit.framework */,
				A278841914E4480400D0476B /* Foundation.framework */,
				A278841B14E4480400D0476B /* CoreGraphics.framework */,
			);
			name = Frameworks;
			sourceTree = "<group>";
		};
		A278841D14E4480400D0476B /* GitHubDetector */ = {
			isa = PBXGroup;
			children = (
				A278842E14E4496100D0476B /* Models */,
				A278845A14E44DB300D0476B /* Controllers */,
				A278845B14E44DCC00D0476B /* Views */,
				A278842614E4480400D0476B /* HKAppDelegate.h */,
				A278842714E4480400D0476B /* HKAppDelegate.m */,
				A278841E14E4480400D0476B /* Supporting Files */,
			);
			path = GitHubDetector;
			sourceTree = "<group>";
		};
		A278841E14E4480400D0476B /* Supporting Files */ = {
			isa = PBXGroup;
			children = (
				A278846114E451A300D0476B /* Images */,
				A278841F14E4480400D0476B /* GitHubDetector-Info.plist */,
				A278842014E4480400D0476B /* InfoPlist.strings */,
				A278842314E4480400D0476B /* main.m */,
				A278842514E4480400D0476B /* GitHubDetector-Prefix.pch */,
			);
			name = "Supporting Files";
			sourceTree = "<group>";
		};
		A278842E14E4496100D0476B /* Models */ = {
			isa = PBXGroup;
			children = (
				A278842F14E449E700D0476B /* HKGeek.h */,
				A278843014E449E700D0476B /* HKGeek.m */,
				A278843214E44A6400D0476B /* HKCheckIn.h */,
				A278843314E44A6400D0476B /* HKCheckIn.m */,
				A20B50F314E45810009C0BB0 /* HKDetectorClient.h */,
				A20B50F414E45810009C0BB0 /* HKDetectorClient.m */,
			);
			name = Models;
			sourceTree = "<group>";
		};
		A278843714E44BC600D0476B /* extern */ = {
			isa = PBXGroup;
			children = (
				80A7822F14E455B10008E31D /* GeoCoordinate.h */,
				80A7823014E455B10008E31D /* GeoCoordinate.m */,
				A278845614E44D3200D0476B /* JSONKit */,
				A278843814E44CB400D0476B /* AFNetworking */,
			);
			name = extern;
			path = GitHubDetector;
			sourceTree = "<group>";
		};
		A278843814E44CB400D0476B /* AFNetworking */ = {
			isa = PBXGroup;
			children = (
				A278843914E44CC200D0476B /* AFHTTPClient.h */,
				A278843A14E44CC200D0476B /* AFHTTPClient.m */,
				A278843B14E44CC200D0476B /* AFHTTPRequestOperation.h */,
				A278843C14E44CC200D0476B /* AFHTTPRequestOperation.m */,
				A278843D14E44CC200D0476B /* AFImageRequestOperation.h */,
				A278843E14E44CC200D0476B /* AFImageRequestOperation.m */,
				A278843F14E44CC200D0476B /* AFJSONRequestOperation.h */,
				A278844014E44CC200D0476B /* AFJSONRequestOperation.m */,
				A278844114E44CC200D0476B /* AFJSONUtilities.h */,
				A278844214E44CC200D0476B /* AFJSONUtilities.m */,
				A278844314E44CC200D0476B /* AFNetworkActivityIndicatorManager.h */,
				A278844414E44CC200D0476B /* AFNetworkActivityIndicatorManager.m */,
				A278844514E44CC200D0476B /* AFNetworking.h */,
				A278844614E44CC200D0476B /* AFPropertyListRequestOperation.h */,
				A278844714E44CC200D0476B /* AFPropertyListRequestOperation.m */,
				A278844814E44CC200D0476B /* AFURLConnectionOperation.h */,
				A278844914E44CC200D0476B /* AFURLConnectionOperation.m */,
				A278844A14E44CC200D0476B /* AFXMLRequestOperation.h */,
				A278844B14E44CC200D0476B /* AFXMLRequestOperation.m */,
			);
			name = AFNetworking;
			sourceTree = "<group>";
		};
		A278845614E44D3200D0476B /* JSONKit */ = {
			isa = PBXGroup;
			children = (
				A278845714E44D4000D0476B /* JSONKit.h */,
				A278845814E44D4000D0476B /* JSONKit.m */,
			);
			name = JSONKit;
			sourceTree = "<group>";
		};
		A278845A14E44DB300D0476B /* Controllers */ = {
			isa = PBXGroup;
			children = (
				80A7823314E4560E0008E31D /* HKCompassViewController.h */,
				80A7823414E4560E0008E31D /* HKCompassViewController.m */,
				A278845C14E44DEC00D0476B /* HKLoginViewController.h */,
				A278845D14E44DEC00D0476B /* HKLoginViewController.m */,
				52D2B33E14E4527A00855A1F /* MapViewController.h */,
				52D2B33F14E4527A00855A1F /* MapViewController.m */,
			);
			name = Controllers;
			sourceTree = "<group>";
		};
		A278845B14E44DCC00D0476B /* Views */ = {
			isa = PBXGroup;
			children = (
				80A7822414E451B40008E31D /* HKCompassGeekView.h */,
				80A7822514E451B50008E31D /* HKCompassGeekView.m */,
				A278845F14E44E1700D0476B /* HKLoginView.xib */,
			);
			name = Views;
			sourceTree = "<group>";
		};
		A278846114E451A300D0476B /* Images */ = {
			isa = PBXGroup;
			children = (
				95A6B88714E48A3F00752178 /* spiral.png */,
				A278846214E451AC00D0476B /* octocat.png */,
			);
			name = Images;
			sourceTree = "<group>";
		};
/* End PBXGroup section */

/* Begin PBXNativeTarget section */
		A278841214E4480400D0476B /* GitHubDetector */ = {
			isa = PBXNativeTarget;
			buildConfigurationList = A278842B14E4480400D0476B /* Build configuration list for PBXNativeTarget "GitHubDetector" */;
			buildPhases = (
				A278840F14E4480400D0476B /* Sources */,
				A278841014E4480400D0476B /* Frameworks */,
				A278841114E4480400D0476B /* Resources */,
			);
			buildRules = (
			);
			dependencies = (
			);
			name = GitHubDetector;
			productName = GitHubDetector;
			productReference = A278841314E4480400D0476B /* GitHubDetector.app */;
			productType = "com.apple.product-type.application";
		};
/* End PBXNativeTarget section */

/* Begin PBXProject section */
		A278840A14E4480400D0476B /* Project object */ = {
			isa = PBXProject;
			attributes = {
				LastUpgradeCheck = 0420;
				ORGANIZATIONNAME = HackKrk;
			};
			buildConfigurationList = A278840D14E4480400D0476B /* Build configuration list for PBXProject "GitHubDetector" */;
			compatibilityVersion = "Xcode 3.2";
			developmentRegion = English;
			hasScannedForEncodings = 0;
			knownRegions = (
				en,
			);
			mainGroup = A278840814E4480400D0476B;
			productRefGroup = A278841414E4480400D0476B /* Products */;
			projectDirPath = "";
			projectRoot = "";
			targets = (
				A278841214E4480400D0476B /* GitHubDetector */,
			);
		};
/* End PBXProject section */

/* Begin PBXResourcesBuildPhase section */
		A278841114E4480400D0476B /* Resources */ = {
			isa = PBXResourcesBuildPhase;
			buildActionMask = 2147483647;
			files = (
				A278842214E4480400D0476B /* InfoPlist.strings in Resources */,
				A278846014E44E1700D0476B /* HKLoginView.xib in Resources */,
				A278846314E451AC00D0476B /* octocat.png in Resources */,
				95A6B88814E48A3F00752178 /* spiral.png in Resources */,
			);
			runOnlyForDeploymentPostprocessing = 0;
		};
/* End PBXResourcesBuildPhase section */

/* Begin PBXSourcesBuildPhase section */
		A278840F14E4480400D0476B /* Sources */ = {
			isa = PBXSourcesBuildPhase;
			buildActionMask = 2147483647;
			files = (
				A278842414E4480400D0476B /* main.m in Sources */,
				A278842814E4480400D0476B /* HKAppDelegate.m in Sources */,
				A278843114E449E700D0476B /* HKGeek.m in Sources */,
				A278843414E44A6400D0476B /* HKCheckIn.m in Sources */,
				A278844C14E44CC200D0476B /* AFHTTPClient.m in Sources */,
				A278844D14E44CC200D0476B /* AFHTTPRequestOperation.m in Sources */,
				A278844E14E44CC200D0476B /* AFImageRequestOperation.m in Sources */,
				A278844F14E44CC200D0476B /* AFJSONRequestOperation.m in Sources */,
				A278845014E44CC200D0476B /* AFJSONUtilities.m in Sources */,
				A278845114E44CC200D0476B /* AFNetworkActivityIndicatorManager.m in Sources */,
				A278845214E44CC200D0476B /* AFPropertyListRequestOperation.m in Sources */,
				A278845314E44CC200D0476B /* AFURLConnectionOperation.m in Sources */,
				A278845414E44CC200D0476B /* AFXMLRequestOperation.m in Sources */,
				A278845914E44D4000D0476B /* JSONKit.m in Sources */,
				A278845E14E44DEC00D0476B /* HKLoginViewController.m in Sources */,
				52D2B34014E4527A00855A1F /* MapViewController.m in Sources */,
				80A7822614E451B50008E31D /* HKCompassGeekView.m in Sources */,
				A20B50F514E45810009C0BB0 /* HKDetectorClient.m in Sources */,
				80A7823114E455B10008E31D /* GeoCoordinate.m in Sources */,
				80A7823514E4560E0008E31D /* HKCompassViewController.m in Sources */,
			);
			runOnlyForDeploymentPostprocessing = 0;
		};
/* End PBXSourcesBuildPhase section */

/* Begin PBXVariantGroup section */
		A278842014E4480400D0476B /* InfoPlist.strings */ = {
			isa = PBXVariantGroup;
			children = (
				A278842114E4480400D0476B /* en */,
			);
			name = InfoPlist.strings;
			sourceTree = "<group>";
		};
/* End PBXVariantGroup section */

/* Begin XCBuildConfiguration section */
		A278842914E4480400D0476B /* Debug */ = {
			isa = XCBuildConfiguration;
			buildSettings = {
				ALWAYS_SEARCH_USER_PATHS = NO;
				ARCHS = "$(ARCHS_STANDARD_32_BIT)";
				CLANG_ENABLE_OBJC_ARC = YES;
				"CODE_SIGN_IDENTITY[sdk=iphoneos*]" = "iPhone Developer";
				COPY_PHASE_STRIP = NO;
				GCC_C_LANGUAGE_STANDARD = gnu99;
				GCC_DYNAMIC_NO_PIC = NO;
				GCC_OPTIMIZATION_LEVEL = 0;
				GCC_PREPROCESSOR_DEFINITIONS = (
					"DEBUG=1",
					"$(inherited)",
				);
				GCC_SYMBOLS_PRIVATE_EXTERN = NO;
				GCC_VERSION = com.apple.compilers.llvm.clang.1_0;
				GCC_WARN_ABOUT_MISSING_PROTOTYPES = YES;
				GCC_WARN_ABOUT_RETURN_TYPE = YES;
				GCC_WARN_UNUSED_VARIABLE = YES;
				IPHONEOS_DEPLOYMENT_TARGET = 4.3;
				SDKROOT = iphoneos;
				TARGETED_DEVICE_FAMILY = "1,2";
			};
			name = Debug;
		};
		A278842A14E4480400D0476B /* Release */ = {
			isa = XCBuildConfiguration;
			buildSettings = {
				ALWAYS_SEARCH_USER_PATHS = NO;
				ARCHS = "$(ARCHS_STANDARD_32_BIT)";
				CLANG_ENABLE_OBJC_ARC = YES;
				"CODE_SIGN_IDENTITY[sdk=iphoneos*]" = "iPhone Developer";
				COPY_PHASE_STRIP = YES;
				GCC_C_LANGUAGE_STANDARD = gnu99;
				GCC_VERSION = com.apple.compilers.llvm.clang.1_0;
				GCC_WARN_ABOUT_MISSING_PROTOTYPES = YES;
				GCC_WARN_ABOUT_RETURN_TYPE = YES;
				GCC_WARN_UNUSED_VARIABLE = YES;
				IPHONEOS_DEPLOYMENT_TARGET = 4.3;
				OTHER_CFLAGS = "-DNS_BLOCK_ASSERTIONS=1";
				SDKROOT = iphoneos;
				TARGETED_DEVICE_FAMILY = "1,2";
				VALIDATE_PRODUCT = YES;
			};
			name = Release;
		};
		A278842C14E4480400D0476B /* Debug */ = {
			isa = XCBuildConfiguration;
			buildSettings = {
				GCC_PRECOMPILE_PREFIX_HEADER = YES;
				GCC_PREFIX_HEADER = "GitHubDetector/GitHubDetector-Prefix.pch";
				INFOPLIST_FILE = "GitHubDetector/GitHubDetector-Info.plist";
				PRODUCT_NAME = "$(TARGET_NAME)";
				WRAPPER_EXTENSION = app;
			};
			name = Debug;
		};
		A278842D14E4480400D0476B /* Release */ = {
			isa = XCBuildConfiguration;
			buildSettings = {
				GCC_PRECOMPILE_PREFIX_HEADER = YES;
				GCC_PREFIX_HEADER = "GitHubDetector/GitHubDetector-Prefix.pch";
				INFOPLIST_FILE = "GitHubDetector/GitHubDetector-Info.plist";
				PRODUCT_NAME = "$(TARGET_NAME)";
				WRAPPER_EXTENSION = app;
			};
			name = Release;
		};
/* End XCBuildConfiguration section */

/* Begin XCConfigurationList section */
		A278840D14E4480400D0476B /* Build configuration list for PBXProject "GitHubDetector" */ = {
			isa = XCConfigurationList;
			buildConfigurations = (
				A278842914E4480400D0476B /* Debug */,
				A278842A14E4480400D0476B /* Release */,
			);
			defaultConfigurationIsVisible = 0;
			defaultConfigurationName = Release;
		};
		A278842B14E4480400D0476B /* Build configuration list for PBXNativeTarget "GitHubDetector" */ = {
			isa = XCConfigurationList;
			buildConfigurations = (
				A278842C14E4480400D0476B /* Debug */,
				A278842D14E4480400D0476B /* Release */,
			);
			defaultConfigurationIsVisible = 0;
			defaultConfigurationName = Release;
		};
/* End XCConfigurationList section */
	};
	rootObject = A278840A14E4480400D0476B /* Project object */;
}
